
Microsoft Visual Studio Solution File, Format Version 12.00
# Visual Studio Version 16
VisualStudioVersion = 16.0.31313.79
MinimumVisualStudioVersion = 10.0.40219.1
Project("{FAE04EC0-301F-11D3-BF4B-00C04F79EFBC}") = "pr", "pr\pr.csproj", "{034E6811-4BEB-4C3E-B4B3-D99A3CCB28C9}"
EndProject
Global
	GlobalSection(SolutionConfigurationPlatforms) = preSolution
		Debug|Any CPU = Debug|Any CPU
		Release|Any CPU = Release|Any CPU
	EndGlobalSection
	GlobalSection(ProjectConfigurationPlatforms) = postSolution
		{034E6811-4BEB-4C3E-B4B3-D99A3CCB28C9}.Debug|Any CPU.ActiveCfg = Debug|Any CPU
		{034E6811-4BEB-4C3E-B4B3-D99A3CCB28C9}.Debug|Any CPU.Build.0 = Debug|Any CPU
		{034E6811-4BEB-4C3E-B4B3-D99A3CCB28C9}.Release|Any CPU.ActiveCfg = Release|Any CPU
		{034E6811-4BEB-4C3E-B4B3-D99A3CCB28C9}.Release|Any CPU.Build.0 = Release|Any CPU
	EndGlobalSection
	GlobalSection(SolutionProperties) = preSolution
		HideSolutionNode = FALSE
	EndGlobalSection
	GlobalSection(ExtensibilityGlobals) = postSolution
		SolutionGuid = {B7103458-C199-4BD6-BD14-4EE8C3284DF6}
	EndGlobalSection
EndGlobal
